
Microsoft Visual Studio Solution File, Format Version 12.00
# Visual Studio Version 17
VisualStudioVersion = 17.8.34511.84
MinimumVisualStudioVersion = 10.0.40219.1
Project("{9A19103F-16F7-4668-BE54-9A1E7A4F7556}") = "CurrencyExchange", "CurrencyExchange\CurrencyExchange.csproj", "{FF8E90A6-9BC9-4891-96F9-D78A09136C62}"
EndProject
Project("{FAE04EC0-301F-11D3-BF4B-00C04F79EFBC}") = "Tests", "Tests\Tests.csproj", "{197B3B7E-4D91-4050-BACF-A9B6BCE98FE5}"
EndProject
Global
	GlobalSection(SolutionConfigurationPlatforms) = preSolution
		Debug|Any CPU = Debug|Any CPU
		Release|Any CPU = Release|Any CPU
	EndGlobalSection
	GlobalSection(ProjectConfigurationPlatforms) = postSolution
		{FF8E90A6-9BC9-4891-96F9-D78A09136C62}.Debug|Any CPU.ActiveCfg = Debug|Any CPU
		{FF8E90A6-9BC9-4891-96F9-D78A09136C62}.Debug|Any CPU.Build.0 = Debug|Any CPU
		{FF8E90A6-9BC9-4891-96F9-D78A09136C62}.Release|Any CPU.ActiveCfg = Release|Any CPU
		{FF8E90A6-9BC9-4891-96F9-D78A09136C62}.Release|Any CPU.Build.0 = Release|Any CPU
		{197B3B7E-4D91-4050-BACF-A9B6BCE98FE5}.Debug|Any CPU.ActiveCfg = Debug|Any CPU
		{197B3B7E-4D91-4050-BACF-A9B6BCE98FE5}.Debug|Any CPU.Build.0 = Debug|Any CPU
		{197B3B7E-4D91-4050-BACF-A9B6BCE98FE5}.Release|Any CPU.ActiveCfg = Release|Any CPU
		{197B3B7E-4D91-4050-BACF-A9B6BCE98FE5}.Release|Any CPU.Build.0 = Release|Any CPU
	EndGlobalSection
	GlobalSection(SolutionProperties) = preSolution
		HideSolutionNode = FALSE
	EndGlobalSection
	GlobalSection(ExtensibilityGlobals) = postSolution
		SolutionGuid = {7742A36E-8843-4286-9E4A-4D431D24AD7E}
	EndGlobalSection
EndGlobal
